
Microsoft Visual Studio Solution File, Format Version 12.00
# Visual Studio Version 16
VisualStudioVersion = 16.0.31729.503
MinimumVisualStudioVersion = 10.0.40219.1
Project("{FAE04EC0-301F-11D3-BF4B-00C04F79EFBC}") = "QuizSystem.Terminal", "QuizSystem.Terminal\QuizSystem.Terminal.csproj", "{A74528D2-618E-451D-9D9A-BB2F2F416FC8}"
EndProject
Project("{FAE04EC0-301F-11D3-BF4B-00C04F79EFBC}") = "QuizSystem.Library", "QuizSystem.Library\QuizSystem.Library.csproj", "{5C147E45-C44E-432D-8315-5950A312276E}"
EndProject
Global
	GlobalSection(SolutionConfigurationPlatforms) = preSolution
		Debug|Any CPU = Debug|Any CPU
		Release|Any CPU = Release|Any CPU
	EndGlobalSection
	GlobalSection(ProjectConfigurationPlatforms) = postSolution
		{A74528D2-618E-451D-9D9A-BB2F2F416FC8}.Debug|Any CPU.ActiveCfg = Debug|Any CPU
		{A74528D2-618E-451D-9D9A-BB2F2F416FC8}.Debug|Any CPU.Build.0 = Debug|Any CPU
		{A74528D2-618E-451D-9D9A-BB2F2F416FC8}.Release|Any CPU.ActiveCfg = Release|Any CPU
		{A74528D2-618E-451D-9D9A-BB2F2F416FC8}.Release|Any CPU.Build.0 = Release|Any CPU
		{5C147E45-C44E-432D-8315-5950A312276E}.Debug|Any CPU.ActiveCfg = Debug|Any CPU
		{5C147E45-C44E-432D-8315-5950A312276E}.Debug|Any CPU.Build.0 = Debug|Any CPU
		{5C147E45-C44E-432D-8315-5950A312276E}.Release|Any CPU.ActiveCfg = Release|Any CPU
		{5C147E45-C44E-432D-8315-5950A312276E}.Release|Any CPU.Build.0 = Release|Any CPU
	EndGlobalSection
	GlobalSection(SolutionProperties) = preSolution
		HideSolutionNode = FALSE
	EndGlobalSection
	GlobalSection(ExtensibilityGlobals) = postSolution
		SolutionGuid = {70CE41AB-6FDB-4080-9051-48B7D0DF3099}
	EndGlobalSection
EndGlobal
